
Microsoft Visual Studio Solution File, Format Version 12.00
# Visual Studio 2013
VisualStudioVersion = 12.0.30723.0
MinimumVisualStudioVersion = 10.0.40219.1
Project("{FAE04EC0-301F-11D3-BF4B-00C04F79EFBC}") = "BonkaBallancio", "BonkaBallancio2016\BonkaBallancio.csproj", "{157AFC0F-6F19-4191-8FCC-2C9EE03530F4}"
EndProject
Project("{FAE04EC0-301F-11D3-BF4B-00C04F79EFBC}") = "BonkaBallancio.Tests", "BonkaBallancio2016.Tests\BonkaBallancio.Tests.csproj", "{DBF6AF0B-AA8B-4D80-B992-93BB6C8132C2}"
EndProject
Project("{2150E333-8FDC-42A3-9474-1A3956D46DE8}") = "PublishScripts", "PublishScripts", "{B45AEA7B-82F4-4759-8532-7630F86CC218}"
	ProjectSection(SolutionItems) = preProject
		PublishScripts\AzureWebsitePublishModule.psm1 = PublishScripts\AzureWebsitePublishModule.psm1
		PublishScripts\Publish-WebApplicationWebsite.ps1 = PublishScripts\Publish-WebApplicationWebsite.ps1
	EndProjectSection
EndProject
Project("{2150E333-8FDC-42A3-9474-1A3956D46DE8}") = "Configurations", "Configurations", "{F1424D4F-5811-46D7-8FED-002ADF71B399}"
	ProjectSection(SolutionItems) = preProject
		PublishScripts\Configurations\BonkaBallancio2016-WAWS-dev.json = PublishScripts\Configurations\BonkaBallancio2016-WAWS-dev.json
	EndProjectSection
EndProject
Global
	GlobalSection(SolutionConfigurationPlatforms) = preSolution
		Debug|Any CPU = Debug|Any CPU
		Release|Any CPU = Release|Any CPU
	EndGlobalSection
	GlobalSection(ProjectConfigurationPlatforms) = postSolution
		{157AFC0F-6F19-4191-8FCC-2C9EE03530F4}.Debug|Any CPU.ActiveCfg = Debug|Any CPU
		{157AFC0F-6F19-4191-8FCC-2C9EE03530F4}.Debug|Any CPU.Build.0 = Debug|Any CPU
		{157AFC0F-6F19-4191-8FCC-2C9EE03530F4}.Release|Any CPU.ActiveCfg = Release|Any CPU
		{157AFC0F-6F19-4191-8FCC-2C9EE03530F4}.Release|Any CPU.Build.0 = Release|Any CPU
		{DBF6AF0B-AA8B-4D80-B992-93BB6C8132C2}.Debug|Any CPU.ActiveCfg = Debug|Any CPU
		{DBF6AF0B-AA8B-4D80-B992-93BB6C8132C2}.Debug|Any CPU.Build.0 = Debug|Any CPU
		{DBF6AF0B-AA8B-4D80-B992-93BB6C8132C2}.Release|Any CPU.ActiveCfg = Release|Any CPU
		{DBF6AF0B-AA8B-4D80-B992-93BB6C8132C2}.Release|Any CPU.Build.0 = Release|Any CPU
	EndGlobalSection
	GlobalSection(SolutionProperties) = preSolution
		HideSolutionNode = FALSE
	EndGlobalSection
	GlobalSection(NestedProjects) = preSolution
		{F1424D4F-5811-46D7-8FED-002ADF71B399} = {B45AEA7B-82F4-4759-8532-7630F86CC218}
	EndGlobalSection
EndGlobal
